{
  "name": "happy-cipher",
  "version": "1.0.0",
  "lockfileVersion": 1,
  "requires": true,
  "dependencies": {
    "@types/node": {
      "version": "11.9.4",
      "resolved": "https://registry.npmjs.org/@types/node/-/node-11.9.4.tgz",
      "integrity": "sha512-Zl8dGvAcEmadgs1tmSPcvwzO1YRsz38bVJQvH1RvRqSR9/5n61Q1ktcDL0ht3FXWR+ZpVmXVwN1LuH4Ax23NsA=="
    },
    "bitwise": {
      "version": "2.0.1",
      "resolved": "https://registry.npmjs.org/bitwise/-/bitwise-2.0.1.tgz",
      "integrity": "sha512-YkqT47PpvOZaFOqWWhbQeZ9Q5fFi/BWyCZB4dK4qpatpv51TUNskY19JlPI1k3ZCj3aR+RTDrI2WCValLgyztA=="
    },
    "bluebird": {
      "version": "3.5.3",
      "resolved": "https://registry.npmjs.org/bluebird/-/bluebird-3.5.3.tgz",
      "integrity": "sha512-/qKPUQlaW1OyR51WeCPBvRnAlnZFUJkCSG5HzGnuIqhgyJtF+T94lFnn33eiazjRm2LAHVy2guNnaq48X9SJuw=="
    },
    "create-error": {
      "version": "0.3.1",
      "resolved": "https://registry.npmjs.org/create-error/-/create-error-0.3.1.tgz",
      "integrity": "sha1-aYECRaYp5lRDK/BDdzYAA6U1GiM="
    },
    "random-number-csprng": {
      "version": "1.0.2",
      "resolved": "https://registry.npmjs.org/random-number-csprng/-/random-number-csprng-1.0.2.tgz",
      "integrity": "sha1-/NEg5i3/wsB2dMfD/gHhayX3OiY=",
      "requires": {
        "bluebird": "3.5.3",
        "create-error": "0.3.1"
      }
    }
  }
}
